
Microsoft Visual Studio Solution File, Format Version 12.00
# Visual Studio Version 17
VisualStudioVersion = 17.4.33205.214
MinimumVisualStudioVersion = 10.0.40219.1
Project("{9A19103F-16F7-4668-BE54-9A1E7A4F7556}") = "ProyectoBD", "ProyectoBD\ProyectoBD.csproj", "{A4695469-67EB-4EEA-800E-BD445FCB9B37}"
EndProject
Project("{FAE04EC0-301F-11D3-BF4B-00C04F79EFBC}") = "ProjectDB.Data", "ProjectDB.Data\ProjectDB.Data.csproj", "{877D1491-5C6F-4FA8-AF83-AF8F32989A95}"
EndProject
Global
	GlobalSection(SolutionConfigurationPlatforms) = preSolution
		Debug|Any CPU = Debug|Any CPU
		Release|Any CPU = Release|Any CPU
	EndGlobalSection
	GlobalSection(ProjectConfigurationPlatforms) = postSolution
		{A4695469-67EB-4EEA-800E-BD445FCB9B37}.Debug|Any CPU.ActiveCfg = Debug|Any CPU
		{A4695469-67EB-4EEA-800E-BD445FCB9B37}.Debug|Any CPU.Build.0 = Debug|Any CPU
		{A4695469-67EB-4EEA-800E-BD445FCB9B37}.Release|Any CPU.ActiveCfg = Release|Any CPU
		{A4695469-67EB-4EEA-800E-BD445FCB9B37}.Release|Any CPU.Build.0 = Release|Any CPU
		{877D1491-5C6F-4FA8-AF83-AF8F32989A95}.Debug|Any CPU.ActiveCfg = Debug|Any CPU
		{877D1491-5C6F-4FA8-AF83-AF8F32989A95}.Debug|Any CPU.Build.0 = Debug|Any CPU
		{877D1491-5C6F-4FA8-AF83-AF8F32989A95}.Release|Any CPU.ActiveCfg = Release|Any CPU
		{877D1491-5C6F-4FA8-AF83-AF8F32989A95}.Release|Any CPU.Build.0 = Release|Any CPU
	EndGlobalSection
	GlobalSection(SolutionProperties) = preSolution
		HideSolutionNode = FALSE
	EndGlobalSection
	GlobalSection(ExtensibilityGlobals) = postSolution
		SolutionGuid = {6308E0A8-63A2-411E-9099-A31BB0E5095F}
	EndGlobalSection
EndGlobal
